
Microsoft Visual Studio Solution File, Format Version 12.00
# Visual Studio Version 16
VisualStudioVersion = 16.0.30611.23
MinimumVisualStudioVersion = 10.0.40219.1
Project("{FAE04EC0-301F-11D3-BF4B-00C04F79EFBC}") = "VSModLauncher", "VSModLauncher\VSModLauncher.csproj", "{203DFBF1-3599-43FD-8487-E1C79C2B788F}"
EndProject
Project("{FAE04EC0-301F-11D3-BF4B-00C04F79EFBC}") = "NaturalRegrowth", "NaturalRegrowth\NaturalRegrowth.csproj", "{F125CFBC-6303-46C4-8C24-A9B9C2FB3E22}"
EndProject
Project("{FAE04EC0-301F-11D3-BF4B-00C04F79EFBC}") = "CompatibilityLib", "CompatibilityLib\CompatibilityLib.csproj", "{5C5F4B34-8F1B-4DA4-BAF4-191BE6636ABA}"
EndProject
Project("{FAE04EC0-301F-11D3-BF4B-00C04F79EFBC}") = "MasonDuplication", "MasonDuplication\MasonDuplication.csproj", "{74F28B84-2852-44E5-80A8-CFDAACF5E11D}"
EndProject
Project("{FAE04EC0-301F-11D3-BF4B-00C04F79EFBC}") = "VintagestoryClient", "..\Work\game\VintagestoryClient\VintagestoryClient.csproj", "{650BC108-C744-4DA1-AEFD-CD8F011483B3}"
	ProjectSection(ProjectDependencies) = postProject
		{A3582245-A1D1-4135-BA90-8EFD7830DA83} = {A3582245-A1D1-4135-BA90-8EFD7830DA83}
		{3730FF53-02AB-4CCD-80AB-6199DF67383B} = {3730FF53-02AB-4CCD-80AB-6199DF67383B}
		{7F8A8D56-8133-407B-9D4A-6B2C92E0E95D} = {7F8A8D56-8133-407B-9D4A-6B2C92E0E95D}
		{7D22278B-7FFC-403A-92D0-FD87C7609912} = {7D22278B-7FFC-403A-92D0-FD87C7609912}
		{7764E69B-283F-481C-BFB2-7A51B43BA9E1} = {7764E69B-283F-481C-BFB2-7A51B43BA9E1}
		{4D01F2CF-04E8-4F3C-B637-0015F373F90E} = {4D01F2CF-04E8-4F3C-B637-0015F373F90E}
		{364577DB-9728-4951-AC2C-EDF7A6FCC09D} = {364577DB-9728-4951-AC2C-EDF7A6FCC09D}
		{203DFBF1-3599-43FD-8487-E1C79C2B788F} = {203DFBF1-3599-43FD-8487-E1C79C2B788F}
	EndProjectSection
EndProject
Project("{FAE04EC0-301F-11D3-BF4B-00C04F79EFBC}") = "VintagestoryServer", "..\Work\game\VintagestoryServer\VintagestoryServer.csproj", "{46D2CD51-9603-48B4-87D1-7377B5F1E51E}"
	ProjectSection(ProjectDependencies) = postProject
		{7D22278B-7FFC-403A-92D0-FD87C7609912} = {7D22278B-7FFC-403A-92D0-FD87C7609912}
		{203DFBF1-3599-43FD-8487-E1C79C2B788F} = {203DFBF1-3599-43FD-8487-E1C79C2B788F}
	EndProjectSection
EndProject
Project("{FAE04EC0-301F-11D3-BF4B-00C04F79EFBC}") = "VintagestoryLib", "..\Work\game\VintagestoryLib\VintagestoryLib.csproj", "{08056549-3BE8-454C-A09A-67EDCDC81261}"
	ProjectSection(ProjectDependencies) = postProject
		{7D22278B-7FFC-403A-92D0-FD87C7609912} = {7D22278B-7FFC-403A-92D0-FD87C7609912}
	EndProjectSection
EndProject
Project("{FAE04EC0-301F-11D3-BF4B-00C04F79EFBC}") = "VintagestoryAPI", "..\Work\game\VintagestoryApi\VintagestoryAPI.csproj", "{A3582245-A1D1-4135-BA90-8EFD7830DA83}"
EndProject
Project("{FAE04EC0-301F-11D3-BF4B-00C04F79EFBC}") = "Cairo", "..\Work\game\Cairo\Cairo.csproj", "{364577DB-9728-4951-AC2C-EDF7A6FCC09D}"
EndProject
Project("{FAE04EC0-301F-11D3-BF4B-00C04F79EFBC}") = "VSSurvivalMod", "..\Work\game\VSSurvivalMod\VSSurvivalMod.csproj", "{7D22278B-7FFC-403A-92D0-FD87C7609912}"
EndProject
Project("{FAE04EC0-301F-11D3-BF4B-00C04F79EFBC}") = "VSCreativeMod", "..\Work\game\VSCreativeMod\VSCreativeMod.csproj", "{0F166503-4847-4D53-AF38-35659FC0A39D}"
EndProject
Project("{FAE04EC0-301F-11D3-BF4B-00C04F79EFBC}") = "VSCrashReporter", "..\Work\game\VSCrashReporter\VSCrashReporter.csproj", "{4D01F2CF-04E8-4F3C-B637-0015F373F90E}"
EndProject
Project("{FAE04EC0-301F-11D3-BF4B-00C04F79EFBC}") = "ModMaker", "..\Work\game\ModMaker\ModMaker.csproj", "{7764E69B-283F-481C-BFB2-7A51B43BA9E1}"
EndProject
Project("{FAE04EC0-301F-11D3-BF4B-00C04F79EFBC}") = "VSEssentialsMod", "..\Work\game\VSEssentials\VSEssentialsMod.csproj", "{3730FF53-02AB-4CCD-80AB-6199DF67383B}"
	ProjectSection(ProjectDependencies) = postProject
		{A3582245-A1D1-4135-BA90-8EFD7830DA83} = {A3582245-A1D1-4135-BA90-8EFD7830DA83}
	EndProjectSection
EndProject
Project("{FAE04EC0-301F-11D3-BF4B-00C04F79EFBC}") = "XPlatformInterface", "..\Work\game\XPlatformInterface\XPlatformInterface.csproj", "{7F8A8D56-8133-407B-9D4A-6B2C92E0E95D}"
EndProject
Project("{FAE04EC0-301F-11D3-BF4B-00C04F79EFBC}") = "VSBuildLib", "..\Work\game\VSBuildLib\VSBuildLib.csproj", "{62BCFF24-772E-4613-B277-2AAC67CDC7CD}"
EndProject
Global
	GlobalSection(SolutionConfigurationPlatforms) = preSolution
		Debug + Flatworld|Any CPU = Debug + Flatworld|Any CPU
		Debug + Flatworld|x86 = Debug + Flatworld|x86
		Debug|Any CPU = Debug|Any CPU
		Debug|x86 = Debug|x86
		FastBuild|Any CPU = FastBuild|Any CPU
		FastBuild|x86 = FastBuild|x86
		PerfTest|Any CPU = PerfTest|Any CPU
		PerfTest|x86 = PerfTest|x86
		Release x64|Any CPU = Release x64|Any CPU
		Release x64|x86 = Release x64|x86
		Release|Any CPU = Release|Any CPU
		Release|x86 = Release|x86
		Release+Docs|Any CPU = Release+Docs|Any CPU
		Release+Docs|x86 = Release+Docs|x86
		ReleaseLinux|Any CPU = ReleaseLinux|Any CPU
		ReleaseLinux|x86 = ReleaseLinux|x86
	EndGlobalSection
	GlobalSection(ProjectConfigurationPlatforms) = postSolution
		{203DFBF1-3599-43FD-8487-E1C79C2B788F}.Debug + Flatworld|Any CPU.ActiveCfg = Debug|Any CPU
		{203DFBF1-3599-43FD-8487-E1C79C2B788F}.Debug + Flatworld|Any CPU.Build.0 = Debug|Any CPU
		{203DFBF1-3599-43FD-8487-E1C79C2B788F}.Debug + Flatworld|x86.ActiveCfg = Debug|Any CPU
		{203DFBF1-3599-43FD-8487-E1C79C2B788F}.Debug + Flatworld|x86.Build.0 = Debug|Any CPU
		{203DFBF1-3599-43FD-8487-E1C79C2B788F}.Debug|Any CPU.ActiveCfg = Debug|Any CPU
		{203DFBF1-3599-43FD-8487-E1C79C2B788F}.Debug|Any CPU.Build.0 = Debug|Any CPU
		{203DFBF1-3599-43FD-8487-E1C79C2B788F}.Debug|x86.ActiveCfg = Debug|Any CPU
		{203DFBF1-3599-43FD-8487-E1C79C2B788F}.Debug|x86.Build.0 = Debug|Any CPU
		{203DFBF1-3599-43FD-8487-E1C79C2B788F}.FastBuild|Any CPU.ActiveCfg = Release|Any CPU
		{203DFBF1-3599-43FD-8487-E1C79C2B788F}.FastBuild|Any CPU.Build.0 = Release|Any CPU
		{203DFBF1-3599-43FD-8487-E1C79C2B788F}.FastBuild|x86.ActiveCfg = Release|Any CPU
		{203DFBF1-3599-43FD-8487-E1C79C2B788F}.FastBuild|x86.Build.0 = Release|Any CPU
		{203DFBF1-3599-43FD-8487-E1C79C2B788F}.PerfTest|Any CPU.ActiveCfg = Release|Any CPU
		{203DFBF1-3599-43FD-8487-E1C79C2B788F}.PerfTest|Any CPU.Build.0 = Release|Any CPU
		{203DFBF1-3599-43FD-8487-E1C79C2B788F}.PerfTest|x86.ActiveCfg = Release|Any CPU
		{203DFBF1-3599-43FD-8487-E1C79C2B788F}.PerfTest|x86.Build.0 = Release|Any CPU
		{203DFBF1-3599-43FD-8487-E1C79C2B788F}.Release x64|Any CPU.ActiveCfg = Release|Any CPU
		{203DFBF1-3599-43FD-8487-E1C79C2B788F}.Release x64|Any CPU.Build.0 = Release|Any CPU
		{203DFBF1-3599-43FD-8487-E1C79C2B788F}.Release x64|x86.ActiveCfg = Release|Any CPU
		{203DFBF1-3599-43FD-8487-E1C79C2B788F}.Release x64|x86.Build.0 = Release|Any CPU
		{203DFBF1-3599-43FD-8487-E1C79C2B788F}.Release|Any CPU.ActiveCfg = Release|Any CPU
		{203DFBF1-3599-43FD-8487-E1C79C2B788F}.Release|Any CPU.Build.0 = Release|Any CPU
		{203DFBF1-3599-43FD-8487-E1C79C2B788F}.Release|x86.ActiveCfg = Release|Any CPU
		{203DFBF1-3599-43FD-8487-E1C79C2B788F}.Release|x86.Build.0 = Release|Any CPU
		{203DFBF1-3599-43FD-8487-E1C79C2B788F}.Release+Docs|Any CPU.ActiveCfg = Release|Any CPU
		{203DFBF1-3599-43FD-8487-E1C79C2B788F}.Release+Docs|Any CPU.Build.0 = Release|Any CPU
		{203DFBF1-3599-43FD-8487-E1C79C2B788F}.Release+Docs|x86.ActiveCfg = Release|Any CPU
		{203DFBF1-3599-43FD-8487-E1C79C2B788F}.Release+Docs|x86.Build.0 = Release|Any CPU
		{203DFBF1-3599-43FD-8487-E1C79C2B788F}.ReleaseLinux|Any CPU.ActiveCfg = Release|Any CPU
		{203DFBF1-3599-43FD-8487-E1C79C2B788F}.ReleaseLinux|Any CPU.Build.0 = Release|Any CPU
		{203DFBF1-3599-43FD-8487-E1C79C2B788F}.ReleaseLinux|x86.ActiveCfg = Release|Any CPU
		{203DFBF1-3599-43FD-8487-E1C79C2B788F}.ReleaseLinux|x86.Build.0 = Release|Any CPU
		{F125CFBC-6303-46C4-8C24-A9B9C2FB3E22}.Debug + Flatworld|Any CPU.ActiveCfg = Debug|Any CPU
		{F125CFBC-6303-46C4-8C24-A9B9C2FB3E22}.Debug + Flatworld|Any CPU.Build.0 = Debug|Any CPU
		{F125CFBC-6303-46C4-8C24-A9B9C2FB3E22}.Debug + Flatworld|x86.ActiveCfg = Debug|Any CPU
		{F125CFBC-6303-46C4-8C24-A9B9C2FB3E22}.Debug + Flatworld|x86.Build.0 = Debug|Any CPU
		{F125CFBC-6303-46C4-8C24-A9B9C2FB3E22}.Debug|Any CPU.ActiveCfg = Debug|Any CPU
		{F125CFBC-6303-46C4-8C24-A9B9C2FB3E22}.Debug|Any CPU.Build.0 = Debug|Any CPU
		{F125CFBC-6303-46C4-8C24-A9B9C2FB3E22}.Debug|x86.ActiveCfg = Debug|Any CPU
		{F125CFBC-6303-46C4-8C24-A9B9C2FB3E22}.Debug|x86.Build.0 = Debug|Any CPU
		{F125CFBC-6303-46C4-8C24-A9B9C2FB3E22}.FastBuild|Any CPU.ActiveCfg = Release|Any CPU
		{F125CFBC-6303-46C4-8C24-A9B9C2FB3E22}.FastBuild|Any CPU.Build.0 = Release|Any CPU
		{F125CFBC-6303-46C4-8C24-A9B9C2FB3E22}.FastBuild|x86.ActiveCfg = Release|Any CPU
		{F125CFBC-6303-46C4-8C24-A9B9C2FB3E22}.FastBuild|x86.Build.0 = Release|Any CPU
		{F125CFBC-6303-46C4-8C24-A9B9C2FB3E22}.PerfTest|Any CPU.ActiveCfg = Release|Any CPU
		{F125CFBC-6303-46C4-8C24-A9B9C2FB3E22}.PerfTest|Any CPU.Build.0 = Release|Any CPU
		{F125CFBC-6303-46C4-8C24-A9B9C2FB3E22}.PerfTest|x86.ActiveCfg = Release|Any CPU
		{F125CFBC-6303-46C4-8C24-A9B9C2FB3E22}.PerfTest|x86.Build.0 = Release|Any CPU
		{F125CFBC-6303-46C4-8C24-A9B9C2FB3E22}.Release x64|Any CPU.ActiveCfg = Release|Any CPU
		{F125CFBC-6303-46C4-8C24-A9B9C2FB3E22}.Release x64|Any CPU.Build.0 = Release|Any CPU
		{F125CFBC-6303-46C4-8C24-A9B9C2FB3E22}.Release x64|x86.ActiveCfg = Release|Any CPU
		{F125CFBC-6303-46C4-8C24-A9B9C2FB3E22}.Release x64|x86.Build.0 = Release|Any CPU
		{F125CFBC-6303-46C4-8C24-A9B9C2FB3E22}.Release|Any CPU.ActiveCfg = Release|Any CPU
		{F125CFBC-6303-46C4-8C24-A9B9C2FB3E22}.Release|Any CPU.Build.0 = Release|Any CPU
		{F125CFBC-6303-46C4-8C24-A9B9C2FB3E22}.Release|x86.ActiveCfg = Release|Any CPU
		{F125CFBC-6303-46C4-8C24-A9B9C2FB3E22}.Release|x86.Build.0 = Release|Any CPU
		{F125CFBC-6303-46C4-8C24-A9B9C2FB3E22}.Release+Docs|Any CPU.ActiveCfg = Release|Any CPU
		{F125CFBC-6303-46C4-8C24-A9B9C2FB3E22}.Release+Docs|Any CPU.Build.0 = Release|Any CPU
		{F125CFBC-6303-46C4-8C24-A9B9C2FB3E22}.Release+Docs|x86.ActiveCfg = Release|Any CPU
		{F125CFBC-6303-46C4-8C24-A9B9C2FB3E22}.Release+Docs|x86.Build.0 = Release|Any CPU
		{F125CFBC-6303-46C4-8C24-A9B9C2FB3E22}.ReleaseLinux|Any CPU.ActiveCfg = Release|Any CPU
		{F125CFBC-6303-46C4-8C24-A9B9C2FB3E22}.ReleaseLinux|Any CPU.Build.0 = Release|Any CPU
		{F125CFBC-6303-46C4-8C24-A9B9C2FB3E22}.ReleaseLinux|x86.ActiveCfg = Release|Any CPU
		{F125CFBC-6303-46C4-8C24-A9B9C2FB3E22}.ReleaseLinux|x86.Build.0 = Release|Any CPU
		{5C5F4B34-8F1B-4DA4-BAF4-191BE6636ABA}.Debug + Flatworld|Any CPU.ActiveCfg = Debug|Any CPU
		{5C5F4B34-8F1B-4DA4-BAF4-191BE6636ABA}.Debug + Flatworld|Any CPU.Build.0 = Debug|Any CPU
		{5C5F4B34-8F1B-4DA4-BAF4-191BE6636ABA}.Debug + Flatworld|x86.ActiveCfg = Debug|Any CPU
		{5C5F4B34-8F1B-4DA4-BAF4-191BE6636ABA}.Debug + Flatworld|x86.Build.0 = Debug|Any CPU
		{5C5F4B34-8F1B-4DA4-BAF4-191BE6636ABA}.Debug|Any CPU.ActiveCfg = Debug|Any CPU
		{5C5F4B34-8F1B-4DA4-BAF4-191BE6636ABA}.Debug|Any CPU.Build.0 = Debug|Any CPU
		{5C5F4B34-8F1B-4DA4-BAF4-191BE6636ABA}.Debug|x86.ActiveCfg = Debug|Any CPU
		{5C5F4B34-8F1B-4DA4-BAF4-191BE6636ABA}.Debug|x86.Build.0 = Debug|Any CPU
		{5C5F4B34-8F1B-4DA4-BAF4-191BE6636ABA}.FastBuild|Any CPU.ActiveCfg = Release|Any CPU
		{5C5F4B34-8F1B-4DA4-BAF4-191BE6636ABA}.FastBuild|Any CPU.Build.0 = Release|Any CPU
		{5C5F4B34-8F1B-4DA4-BAF4-191BE6636ABA}.FastBuild|x86.ActiveCfg = Release|Any CPU
		{5C5F4B34-8F1B-4DA4-BAF4-191BE6636ABA}.FastBuild|x86.Build.0 = Release|Any CPU
		{5C5F4B34-8F1B-4DA4-BAF4-191BE6636ABA}.PerfTest|Any CPU.ActiveCfg = Release|Any CPU
		{5C5F4B34-8F1B-4DA4-BAF4-191BE6636ABA}.PerfTest|Any CPU.Build.0 = Release|Any CPU
		{5C5F4B34-8F1B-4DA4-BAF4-191BE6636ABA}.PerfTest|x86.ActiveCfg = Release|Any CPU
		{5C5F4B34-8F1B-4DA4-BAF4-191BE6636ABA}.PerfTest|x86.Build.0 = Release|Any CPU
		{5C5F4B34-8F1B-4DA4-BAF4-191BE6636ABA}.Release x64|Any CPU.ActiveCfg = Release|Any CPU
		{5C5F4B34-8F1B-4DA4-BAF4-191BE6636ABA}.Release x64|Any CPU.Build.0 = Release|Any CPU
		{5C5F4B34-8F1B-4DA4-BAF4-191BE6636ABA}.Release x64|x86.ActiveCfg = Release|Any CPU
		{5C5F4B34-8F1B-4DA4-BAF4-191BE6636ABA}.Release x64|x86.Build.0 = Release|Any CPU
		{5C5F4B34-8F1B-4DA4-BAF4-191BE6636ABA}.Release|Any CPU.ActiveCfg = Release|Any CPU
		{5C5F4B34-8F1B-4DA4-BAF4-191BE6636ABA}.Release|Any CPU.Build.0 = Release|Any CPU
		{5C5F4B34-8F1B-4DA4-BAF4-191BE6636ABA}.Release|x86.ActiveCfg = Release|Any CPU
		{5C5F4B34-8F1B-4DA4-BAF4-191BE6636ABA}.Release|x86.Build.0 = Release|Any CPU
		{5C5F4B34-8F1B-4DA4-BAF4-191BE6636ABA}.Release+Docs|Any CPU.ActiveCfg = Release|Any CPU
		{5C5F4B34-8F1B-4DA4-BAF4-191BE6636ABA}.Release+Docs|Any CPU.Build.0 = Release|Any CPU
		{5C5F4B34-8F1B-4DA4-BAF4-191BE6636ABA}.Release+Docs|x86.ActiveCfg = Release|Any CPU
		{5C5F4B34-8F1B-4DA4-BAF4-191BE6636ABA}.Release+Docs|x86.Build.0 = Release|Any CPU
		{5C5F4B34-8F1B-4DA4-BAF4-191BE6636ABA}.ReleaseLinux|Any CPU.ActiveCfg = Release|Any CPU
		{5C5F4B34-8F1B-4DA4-BAF4-191BE6636ABA}.ReleaseLinux|Any CPU.Build.0 = Release|Any CPU
		{5C5F4B34-8F1B-4DA4-BAF4-191BE6636ABA}.ReleaseLinux|x86.ActiveCfg = Release|Any CPU
		{5C5F4B34-8F1B-4DA4-BAF4-191BE6636ABA}.ReleaseLinux|x86.Build.0 = Release|Any CPU
		{74F28B84-2852-44E5-80A8-CFDAACF5E11D}.Debug + Flatworld|Any CPU.ActiveCfg = Debug|Any CPU
		{74F28B84-2852-44E5-80A8-CFDAACF5E11D}.Debug + Flatworld|Any CPU.Build.0 = Debug|Any CPU
		{74F28B84-2852-44E5-80A8-CFDAACF5E11D}.Debug + Flatworld|x86.ActiveCfg = Debug|Any CPU
		{74F28B84-2852-44E5-80A8-CFDAACF5E11D}.Debug + Flatworld|x86.Build.0 = Debug|Any CPU
		{74F28B84-2852-44E5-80A8-CFDAACF5E11D}.Debug|Any CPU.ActiveCfg = Debug|Any CPU
		{74F28B84-2852-44E5-80A8-CFDAACF5E11D}.Debug|Any CPU.Build.0 = Debug|Any CPU
		{74F28B84-2852-44E5-80A8-CFDAACF5E11D}.Debug|x86.ActiveCfg = Debug|Any CPU
		{74F28B84-2852-44E5-80A8-CFDAACF5E11D}.Debug|x86.Build.0 = Debug|Any CPU
		{74F28B84-2852-44E5-80A8-CFDAACF5E11D}.FastBuild|Any CPU.ActiveCfg = Release|Any CPU
		{74F28B84-2852-44E5-80A8-CFDAACF5E11D}.FastBuild|Any CPU.Build.0 = Release|Any CPU
		{74F28B84-2852-44E5-80A8-CFDAACF5E11D}.FastBuild|x86.ActiveCfg = Release|Any CPU
		{74F28B84-2852-44E5-80A8-CFDAACF5E11D}.FastBuild|x86.Build.0 = Release|Any CPU
		{74F28B84-2852-44E5-80A8-CFDAACF5E11D}.PerfTest|Any CPU.ActiveCfg = Release|Any CPU
		{74F28B84-2852-44E5-80A8-CFDAACF5E11D}.PerfTest|Any CPU.Build.0 = Release|Any CPU
		{74F28B84-2852-44E5-80A8-CFDAACF5E11D}.PerfTest|x86.ActiveCfg = Release|Any CPU
		{74F28B84-2852-44E5-80A8-CFDAACF5E11D}.PerfTest|x86.Build.0 = Release|Any CPU
		{74F28B84-2852-44E5-80A8-CFDAACF5E11D}.Release x64|Any CPU.ActiveCfg = Release|Any CPU
		{74F28B84-2852-44E5-80A8-CFDAACF5E11D}.Release x64|Any CPU.Build.0 = Release|Any CPU
		{74F28B84-2852-44E5-80A8-CFDAACF5E11D}.Release x64|x86.ActiveCfg = Release|Any CPU
		{74F28B84-2852-44E5-80A8-CFDAACF5E11D}.Release x64|x86.Build.0 = Release|Any CPU
		{74F28B84-2852-44E5-80A8-CFDAACF5E11D}.Release|Any CPU.ActiveCfg = Release|Any CPU
		{74F28B84-2852-44E5-80A8-CFDAACF5E11D}.Release|Any CPU.Build.0 = Release|Any CPU
		{74F28B84-2852-44E5-80A8-CFDAACF5E11D}.Release|x86.ActiveCfg = Release|Any CPU
		{74F28B84-2852-44E5-80A8-CFDAACF5E11D}.Release|x86.Build.0 = Release|Any CPU
		{74F28B84-2852-44E5-80A8-CFDAACF5E11D}.Release+Docs|Any CPU.ActiveCfg = Release|Any CPU
		{74F28B84-2852-44E5-80A8-CFDAACF5E11D}.Release+Docs|Any CPU.Build.0 = Release|Any CPU
		{74F28B84-2852-44E5-80A8-CFDAACF5E11D}.Release+Docs|x86.ActiveCfg = Release|Any CPU
		{74F28B84-2852-44E5-80A8-CFDAACF5E11D}.Release+Docs|x86.Build.0 = Release|Any CPU
		{74F28B84-2852-44E5-80A8-CFDAACF5E11D}.ReleaseLinux|Any CPU.ActiveCfg = Release|Any CPU
		{74F28B84-2852-44E5-80A8-CFDAACF5E11D}.ReleaseLinux|Any CPU.Build.0 = Release|Any CPU
		{74F28B84-2852-44E5-80A8-CFDAACF5E11D}.ReleaseLinux|x86.ActiveCfg = Release|Any CPU
		{74F28B84-2852-44E5-80A8-CFDAACF5E11D}.ReleaseLinux|x86.Build.0 = Release|Any CPU
		{650BC108-C744-4DA1-AEFD-CD8F011483B3}.Debug + Flatworld|Any CPU.ActiveCfg = Debug + Flatworld|Any CPU
		{650BC108-C744-4DA1-AEFD-CD8F011483B3}.Debug + Flatworld|Any CPU.Build.0 = Debug + Flatworld|Any CPU
		{650BC108-C744-4DA1-AEFD-CD8F011483B3}.Debug + Flatworld|x86.ActiveCfg = Debug + Flatworld|Any CPU
		{650BC108-C744-4DA1-AEFD-CD8F011483B3}.Debug + Flatworld|x86.Build.0 = Debug + Flatworld|Any CPU
		{650BC108-C744-4DA1-AEFD-CD8F011483B3}.Debug|Any CPU.ActiveCfg = Debug|Any CPU
		{650BC108-C744-4DA1-AEFD-CD8F011483B3}.Debug|Any CPU.Build.0 = Debug|Any CPU
		{650BC108-C744-4DA1-AEFD-CD8F011483B3}.Debug|x86.ActiveCfg = Debug|Any CPU
		{650BC108-C744-4DA1-AEFD-CD8F011483B3}.Debug|x86.Build.0 = Debug|Any CPU
		{650BC108-C744-4DA1-AEFD-CD8F011483B3}.FastBuild|Any CPU.ActiveCfg = FastBuild|Any CPU
		{650BC108-C744-4DA1-AEFD-CD8F011483B3}.FastBuild|Any CPU.Build.0 = FastBuild|Any CPU
		{650BC108-C744-4DA1-AEFD-CD8F011483B3}.FastBuild|x86.ActiveCfg = FastBuild|Any CPU
		{650BC108-C744-4DA1-AEFD-CD8F011483B3}.FastBuild|x86.Build.0 = FastBuild|Any CPU
		{650BC108-C744-4DA1-AEFD-CD8F011483B3}.PerfTest|Any CPU.ActiveCfg = PerfTest|Any CPU
		{650BC108-C744-4DA1-AEFD-CD8F011483B3}.PerfTest|Any CPU.Build.0 = PerfTest|Any CPU
		{650BC108-C744-4DA1-AEFD-CD8F011483B3}.PerfTest|x86.ActiveCfg = PerfTest|Any CPU
		{650BC108-C744-4DA1-AEFD-CD8F011483B3}.PerfTest|x86.Build.0 = PerfTest|Any CPU
		{650BC108-C744-4DA1-AEFD-CD8F011483B3}.Release x64|Any CPU.ActiveCfg = Release x64|Any CPU
		{650BC108-C744-4DA1-AEFD-CD8F011483B3}.Release x64|Any CPU.Build.0 = Release x64|Any CPU
		{650BC108-C744-4DA1-AEFD-CD8F011483B3}.Release x64|x86.ActiveCfg = Release x64|Any CPU
		{650BC108-C744-4DA1-AEFD-CD8F011483B3}.Release x64|x86.Build.0 = Release x64|Any CPU
		{650BC108-C744-4DA1-AEFD-CD8F011483B3}.Release|Any CPU.ActiveCfg = Release|Any CPU
		{650BC108-C744-4DA1-AEFD-CD8F011483B3}.Release|Any CPU.Build.0 = Release|Any CPU
		{650BC108-C744-4DA1-AEFD-CD8F011483B3}.Release|x86.ActiveCfg = Release|Any CPU
		{650BC108-C744-4DA1-AEFD-CD8F011483B3}.Release|x86.Build.0 = Release|Any CPU
		{650BC108-C744-4DA1-AEFD-CD8F011483B3}.Release+Docs|Any CPU.ActiveCfg = Release+Docs|Any CPU
		{650BC108-C744-4DA1-AEFD-CD8F011483B3}.Release+Docs|Any CPU.Build.0 = Release+Docs|Any CPU
		{650BC108-C744-4DA1-AEFD-CD8F011483B3}.Release+Docs|x86.ActiveCfg = Release+Docs|Any CPU
		{650BC108-C744-4DA1-AEFD-CD8F011483B3}.Release+Docs|x86.Build.0 = Release+Docs|Any CPU
		{650BC108-C744-4DA1-AEFD-CD8F011483B3}.ReleaseLinux|Any CPU.ActiveCfg = Release x64|Any CPU
		{650BC108-C744-4DA1-AEFD-CD8F011483B3}.ReleaseLinux|Any CPU.Build.0 = Release x64|Any CPU
		{650BC108-C744-4DA1-AEFD-CD8F011483B3}.ReleaseLinux|x86.ActiveCfg = Release x64|Any CPU
		{650BC108-C744-4DA1-AEFD-CD8F011483B3}.ReleaseLinux|x86.Build.0 = Release x64|Any CPU
		{46D2CD51-9603-48B4-87D1-7377B5F1E51E}.Debug + Flatworld|Any CPU.ActiveCfg = Debug + Flatworld|Any CPU
		{46D2CD51-9603-48B4-87D1-7377B5F1E51E}.Debug + Flatworld|Any CPU.Build.0 = Debug + Flatworld|Any CPU
		{46D2CD51-9603-48B4-87D1-7377B5F1E51E}.Debug + Flatworld|x86.ActiveCfg = Debug + Flatworld|Any CPU
		{46D2CD51-9603-48B4-87D1-7377B5F1E51E}.Debug + Flatworld|x86.Build.0 = Debug + Flatworld|Any CPU
		{46D2CD51-9603-48B4-87D1-7377B5F1E51E}.Debug|Any CPU.ActiveCfg = Debug|Any CPU
		{46D2CD51-9603-48B4-87D1-7377B5F1E51E}.Debug|Any CPU.Build.0 = Debug|Any CPU
		{46D2CD51-9603-48B4-87D1-7377B5F1E51E}.Debug|x86.ActiveCfg = Debug|Any CPU
		{46D2CD51-9603-48B4-87D1-7377B5F1E51E}.Debug|x86.Build.0 = Debug|Any CPU
		{46D2CD51-9603-48B4-87D1-7377B5F1E51E}.FastBuild|Any CPU.ActiveCfg = FastBuild|Any CPU
		{46D2CD51-9603-48B4-87D1-7377B5F1E51E}.FastBuild|Any CPU.Build.0 = FastBuild|Any CPU
		{46D2CD51-9603-48B4-87D1-7377B5F1E51E}.FastBuild|x86.ActiveCfg = FastBuild|Any CPU
		{46D2CD51-9603-48B4-87D1-7377B5F1E51E}.FastBuild|x86.Build.0 = FastBuild|Any CPU
		{46D2CD51-9603-48B4-87D1-7377B5F1E51E}.PerfTest|Any CPU.ActiveCfg = PerfTest|Any CPU
		{46D2CD51-9603-48B4-87D1-7377B5F1E51E}.PerfTest|Any CPU.Build.0 = PerfTest|Any CPU
		{46D2CD51-9603-48B4-87D1-7377B5F1E51E}.PerfTest|x86.ActiveCfg = PerfTest|Any CPU
		{46D2CD51-9603-48B4-87D1-7377B5F1E51E}.PerfTest|x86.Build.0 = PerfTest|Any CPU
		{46D2CD51-9603-48B4-87D1-7377B5F1E51E}.Release x64|Any CPU.ActiveCfg = Release|Any CPU
		{46D2CD51-9603-48B4-87D1-7377B5F1E51E}.Release x64|Any CPU.Build.0 = Release|Any CPU
		{46D2CD51-9603-48B4-87D1-7377B5F1E51E}.Release x64|x86.ActiveCfg = Release|Any CPU
		{46D2CD51-9603-48B4-87D1-7377B5F1E51E}.Release x64|x86.Build.0 = Release|Any CPU
		{46D2CD51-9603-48B4-87D1-7377B5F1E51E}.Release|Any CPU.ActiveCfg = Release|Any CPU
		{46D2CD51-9603-48B4-87D1-7377B5F1E51E}.Release|Any CPU.Build.0 = Release|Any CPU
		{46D2CD51-9603-48B4-87D1-7377B5F1E51E}.Release|x86.ActiveCfg = Release|Any CPU
		{46D2CD51-9603-48B4-87D1-7377B5F1E51E}.Release|x86.Build.0 = Release|Any CPU
		{46D2CD51-9603-48B4-87D1-7377B5F1E51E}.Release+Docs|Any CPU.ActiveCfg = Release|Any CPU
		{46D2CD51-9603-48B4-87D1-7377B5F1E51E}.Release+Docs|Any CPU.Build.0 = Release|Any CPU
		{46D2CD51-9603-48B4-87D1-7377B5F1E51E}.Release+Docs|x86.ActiveCfg = Release|Any CPU
		{46D2CD51-9603-48B4-87D1-7377B5F1E51E}.Release+Docs|x86.Build.0 = Release|Any CPU
		{46D2CD51-9603-48B4-87D1-7377B5F1E51E}.ReleaseLinux|Any CPU.ActiveCfg = Release|Any CPU
		{46D2CD51-9603-48B4-87D1-7377B5F1E51E}.ReleaseLinux|Any CPU.Build.0 = Release|Any CPU
		{46D2CD51-9603-48B4-87D1-7377B5F1E51E}.ReleaseLinux|x86.ActiveCfg = Release|Any CPU
		{46D2CD51-9603-48B4-87D1-7377B5F1E51E}.ReleaseLinux|x86.Build.0 = Release|Any CPU
		{08056549-3BE8-454C-A09A-67EDCDC81261}.Debug + Flatworld|Any CPU.ActiveCfg = Debug + Flatworld|Any CPU
		{08056549-3BE8-454C-A09A-67EDCDC81261}.Debug + Flatworld|Any CPU.Build.0 = Debug + Flatworld|Any CPU
		{08056549-3BE8-454C-A09A-67EDCDC81261}.Debug + Flatworld|x86.ActiveCfg = Debug + Flatworld|Any CPU
		{08056549-3BE8-454C-A09A-67EDCDC81261}.Debug + Flatworld|x86.Build.0 = Debug + Flatworld|Any CPU
		{08056549-3BE8-454C-A09A-67EDCDC81261}.Debug|Any CPU.ActiveCfg = Debug|Any CPU
		{08056549-3BE8-454C-A09A-67EDCDC81261}.Debug|Any CPU.Build.0 = Debug|Any CPU
		{08056549-3BE8-454C-A09A-67EDCDC81261}.Debug|x86.ActiveCfg = Debug|Any CPU
		{08056549-3BE8-454C-A09A-67EDCDC81261}.Debug|x86.Build.0 = Debug|Any CPU
		{08056549-3BE8-454C-A09A-67EDCDC81261}.FastBuild|Any CPU.ActiveCfg = Release|Any CPU
		{08056549-3BE8-454C-A09A-67EDCDC81261}.FastBuild|x86.ActiveCfg = Release|Any CPU
		{08056549-3BE8-454C-A09A-67EDCDC81261}.PerfTest|Any CPU.ActiveCfg = PerfTest|Any CPU
		{08056549-3BE8-454C-A09A-67EDCDC81261}.PerfTest|Any CPU.Build.0 = PerfTest|Any CPU
		{08056549-3BE8-454C-A09A-67EDCDC81261}.PerfTest|x86.ActiveCfg = PerfTest|Any CPU
		{08056549-3BE8-454C-A09A-67EDCDC81261}.PerfTest|x86.Build.0 = PerfTest|Any CPU
		{08056549-3BE8-454C-A09A-67EDCDC81261}.Release x64|Any CPU.ActiveCfg = Release|Any CPU
		{08056549-3BE8-454C-A09A-67EDCDC81261}.Release x64|x86.ActiveCfg = Release|Any CPU
		{08056549-3BE8-454C-A09A-67EDCDC81261}.Release|Any CPU.ActiveCfg = Release|Any CPU
		{08056549-3BE8-454C-A09A-67EDCDC81261}.Release|Any CPU.Build.0 = Release|Any CPU
		{08056549-3BE8-454C-A09A-67EDCDC81261}.Release|x86.ActiveCfg = Release|Any CPU
		{08056549-3BE8-454C-A09A-67EDCDC81261}.Release|x86.Build.0 = Release|Any CPU
		{08056549-3BE8-454C-A09A-67EDCDC81261}.Release+Docs|Any CPU.ActiveCfg = Release|Any CPU
		{08056549-3BE8-454C-A09A-67EDCDC81261}.Release+Docs|Any CPU.Build.0 = Release|Any CPU
		{08056549-3BE8-454C-A09A-67EDCDC81261}.Release+Docs|x86.ActiveCfg = Release|Any CPU
		{08056549-3BE8-454C-A09A-67EDCDC81261}.Release+Docs|x86.Build.0 = Release|Any CPU
		{08056549-3BE8-454C-A09A-67EDCDC81261}.ReleaseLinux|Any CPU.ActiveCfg = Release|Any CPU
		{08056549-3BE8-454C-A09A-67EDCDC81261}.ReleaseLinux|Any CPU.Build.0 = Release|Any CPU
		{08056549-3BE8-454C-A09A-67EDCDC81261}.ReleaseLinux|x86.ActiveCfg = Release|Any CPU
		{08056549-3BE8-454C-A09A-67EDCDC81261}.ReleaseLinux|x86.Build.0 = Release|Any CPU
		{A3582245-A1D1-4135-BA90-8EFD7830DA83}.Debug + Flatworld|Any CPU.ActiveCfg = Debug + Flatworld|Any CPU
		{A3582245-A1D1-4135-BA90-8EFD7830DA83}.Debug + Flatworld|Any CPU.Build.0 = Debug + Flatworld|Any CPU
		{A3582245-A1D1-4135-BA90-8EFD7830DA83}.Debug + Flatworld|x86.ActiveCfg = Debug + Flatworld|Any CPU
		{A3582245-A1D1-4135-BA90-8EFD7830DA83}.Debug + Flatworld|x86.Build.0 = Debug + Flatworld|Any CPU
		{A3582245-A1D1-4135-BA90-8EFD7830DA83}.Debug|Any CPU.ActiveCfg = Debug|Any CPU
		{A3582245-A1D1-4135-BA90-8EFD7830DA83}.Debug|Any CPU.Build.0 = Debug|Any CPU
		{A3582245-A1D1-4135-BA90-8EFD7830DA83}.Debug|x86.ActiveCfg = Debug|Any CPU
		{A3582245-A1D1-4135-BA90-8EFD7830DA83}.Debug|x86.Build.0 = Debug|Any CPU
		{A3582245-A1D1-4135-BA90-8EFD7830DA83}.FastBuild|Any CPU.ActiveCfg = Release|Any CPU
		{A3582245-A1D1-4135-BA90-8EFD7830DA83}.FastBuild|x86.ActiveCfg = Release|Any CPU
		{A3582245-A1D1-4135-BA90-8EFD7830DA83}.PerfTest|Any CPU.ActiveCfg = PerfTest|Any CPU
		{A3582245-A1D1-4135-BA90-8EFD7830DA83}.PerfTest|Any CPU.Build.0 = PerfTest|Any CPU
		{A3582245-A1D1-4135-BA90-8EFD7830DA83}.PerfTest|x86.ActiveCfg = PerfTest|Any CPU
		{A3582245-A1D1-4135-BA90-8EFD7830DA83}.PerfTest|x86.Build.0 = PerfTest|Any CPU
		{A3582245-A1D1-4135-BA90-8EFD7830DA83}.Release x64|Any CPU.ActiveCfg = Release|Any CPU
		{A3582245-A1D1-4135-BA90-8EFD7830DA83}.Release x64|x86.ActiveCfg = Release|Any CPU
		{A3582245-A1D1-4135-BA90-8EFD7830DA83}.Release|Any CPU.ActiveCfg = Release|Any CPU
		{A3582245-A1D1-4135-BA90-8EFD7830DA83}.Release|Any CPU.Build.0 = Release|Any CPU
		{A3582245-A1D1-4135-BA90-8EFD7830DA83}.Release|x86.ActiveCfg = Release|Any CPU
		{A3582245-A1D1-4135-BA90-8EFD7830DA83}.Release|x86.Build.0 = Release|Any CPU
		{A3582245-A1D1-4135-BA90-8EFD7830DA83}.Release+Docs|Any CPU.ActiveCfg = Release|Any CPU
		{A3582245-A1D1-4135-BA90-8EFD7830DA83}.Release+Docs|Any CPU.Build.0 = Release|Any CPU
		{A3582245-A1D1-4135-BA90-8EFD7830DA83}.Release+Docs|x86.ActiveCfg = Release|Any CPU
		{A3582245-A1D1-4135-BA90-8EFD7830DA83}.Release+Docs|x86.Build.0 = Release|Any CPU
		{A3582245-A1D1-4135-BA90-8EFD7830DA83}.ReleaseLinux|Any CPU.ActiveCfg = Release|Any CPU
		{A3582245-A1D1-4135-BA90-8EFD7830DA83}.ReleaseLinux|Any CPU.Build.0 = Release|Any CPU
		{A3582245-A1D1-4135-BA90-8EFD7830DA83}.ReleaseLinux|x86.ActiveCfg = Release|Any CPU
		{A3582245-A1D1-4135-BA90-8EFD7830DA83}.ReleaseLinux|x86.Build.0 = Release|Any CPU
		{364577DB-9728-4951-AC2C-EDF7A6FCC09D}.Debug + Flatworld|Any CPU.ActiveCfg = Debug + Flatworld|Any CPU
		{364577DB-9728-4951-AC2C-EDF7A6FCC09D}.Debug + Flatworld|Any CPU.Build.0 = Debug + Flatworld|Any CPU
		{364577DB-9728-4951-AC2C-EDF7A6FCC09D}.Debug + Flatworld|x86.ActiveCfg = Debug + Flatworld|x86
		{364577DB-9728-4951-AC2C-EDF7A6FCC09D}.Debug + Flatworld|x86.Build.0 = Debug + Flatworld|x86
		{364577DB-9728-4951-AC2C-EDF7A6FCC09D}.Debug|Any CPU.ActiveCfg = Debug|Any CPU
		{364577DB-9728-4951-AC2C-EDF7A6FCC09D}.Debug|Any CPU.Build.0 = Debug|Any CPU
		{364577DB-9728-4951-AC2C-EDF7A6FCC09D}.Debug|x86.ActiveCfg = Debug|x86
		{364577DB-9728-4951-AC2C-EDF7A6FCC09D}.Debug|x86.Build.0 = Debug|x86
		{364577DB-9728-4951-AC2C-EDF7A6FCC09D}.FastBuild|Any CPU.ActiveCfg = Release|Any CPU
		{364577DB-9728-4951-AC2C-EDF7A6FCC09D}.FastBuild|x86.ActiveCfg = ReleaseLinux|x86
		{364577DB-9728-4951-AC2C-EDF7A6FCC09D}.PerfTest|Any CPU.ActiveCfg = PerfTest|Any CPU
		{364577DB-9728-4951-AC2C-EDF7A6FCC09D}.PerfTest|Any CPU.Build.0 = PerfTest|Any CPU
		{364577DB-9728-4951-AC2C-EDF7A6FCC09D}.PerfTest|x86.ActiveCfg = PerfTest|x86
		{364577DB-9728-4951-AC2C-EDF7A6FCC09D}.PerfTest|x86.Build.0 = PerfTest|x86
		{364577DB-9728-4951-AC2C-EDF7A6FCC09D}.Release x64|Any CPU.ActiveCfg = Release|Any CPU
		{364577DB-9728-4951-AC2C-EDF7A6FCC09D}.Release x64|x86.ActiveCfg = ReleaseLinux|x86
		{364577DB-9728-4951-AC2C-EDF7A6FCC09D}.Release|Any CPU.ActiveCfg = Release|Any CPU
		{364577DB-9728-4951-AC2C-EDF7A6FCC09D}.Release|Any CPU.Build.0 = Release|Any CPU
		{364577DB-9728-4951-AC2C-EDF7A6FCC09D}.Release|x86.ActiveCfg = Release|x86
		{364577DB-9728-4951-AC2C-EDF7A6FCC09D}.Release|x86.Build.0 = Release|x86
		{364577DB-9728-4951-AC2C-EDF7A6FCC09D}.Release+Docs|Any CPU.ActiveCfg = Release|Any CPU
		{364577DB-9728-4951-AC2C-EDF7A6FCC09D}.Release+Docs|Any CPU.Build.0 = Release|Any CPU
		{364577DB-9728-4951-AC2C-EDF7A6FCC09D}.Release+Docs|x86.ActiveCfg = ReleaseLinux|x86
		{364577DB-9728-4951-AC2C-EDF7A6FCC09D}.Release+Docs|x86.Build.0 = ReleaseLinux|x86
		{364577DB-9728-4951-AC2C-EDF7A6FCC09D}.ReleaseLinux|Any CPU.ActiveCfg = ReleaseLinux|Any CPU
		{364577DB-9728-4951-AC2C-EDF7A6FCC09D}.ReleaseLinux|Any CPU.Build.0 = ReleaseLinux|Any CPU
		{364577DB-9728-4951-AC2C-EDF7A6FCC09D}.ReleaseLinux|x86.ActiveCfg = ReleaseLinux|x86
		{364577DB-9728-4951-AC2C-EDF7A6FCC09D}.ReleaseLinux|x86.Build.0 = ReleaseLinux|x86
		{7D22278B-7FFC-403A-92D0-FD87C7609912}.Debug + Flatworld|Any CPU.ActiveCfg = Debug + Flatworld|Any CPU
		{7D22278B-7FFC-403A-92D0-FD87C7609912}.Debug + Flatworld|Any CPU.Build.0 = Debug + Flatworld|Any CPU
		{7D22278B-7FFC-403A-92D0-FD87C7609912}.Debug + Flatworld|x86.ActiveCfg = Debug + Flatworld|Any CPU
		{7D22278B-7FFC-403A-92D0-FD87C7609912}.Debug + Flatworld|x86.Build.0 = Debug + Flatworld|Any CPU
		{7D22278B-7FFC-403A-92D0-FD87C7609912}.Debug|Any CPU.ActiveCfg = Debug|Any CPU
		{7D22278B-7FFC-403A-92D0-FD87C7609912}.Debug|Any CPU.Build.0 = Debug|Any CPU
		{7D22278B-7FFC-403A-92D0-FD87C7609912}.Debug|x86.ActiveCfg = Debug|Any CPU
		{7D22278B-7FFC-403A-92D0-FD87C7609912}.FastBuild|Any CPU.ActiveCfg = Release|Any CPU
		{7D22278B-7FFC-403A-92D0-FD87C7609912}.FastBuild|x86.ActiveCfg = Release|Any CPU
		{7D22278B-7FFC-403A-92D0-FD87C7609912}.PerfTest|Any CPU.ActiveCfg = PerfTest|Any CPU
		{7D22278B-7FFC-403A-92D0-FD87C7609912}.PerfTest|Any CPU.Build.0 = PerfTest|Any CPU
		{7D22278B-7FFC-403A-92D0-FD87C7609912}.PerfTest|x86.ActiveCfg = PerfTest|Any CPU
		{7D22278B-7FFC-403A-92D0-FD87C7609912}.PerfTest|x86.Build.0 = PerfTest|Any CPU
		{7D22278B-7FFC-403A-92D0-FD87C7609912}.Release x64|Any CPU.ActiveCfg = Release|Any CPU
		{7D22278B-7FFC-403A-92D0-FD87C7609912}.Release x64|x86.ActiveCfg = Release|Any CPU
		{7D22278B-7FFC-403A-92D0-FD87C7609912}.Release|Any CPU.ActiveCfg = Release|Any CPU
		{7D22278B-7FFC-403A-92D0-FD87C7609912}.Release|Any CPU.Build.0 = Release|Any CPU
		{7D22278B-7FFC-403A-92D0-FD87C7609912}.Release|x86.ActiveCfg = Release|Any CPU
		{7D22278B-7FFC-403A-92D0-FD87C7609912}.Release+Docs|Any CPU.ActiveCfg = Release|Any CPU
		{7D22278B-7FFC-403A-92D0-FD87C7609912}.Release+Docs|Any CPU.Build.0 = Release|Any CPU
		{7D22278B-7FFC-403A-92D0-FD87C7609912}.Release+Docs|x86.ActiveCfg = Release|Any CPU
		{7D22278B-7FFC-403A-92D0-FD87C7609912}.Release+Docs|x86.Build.0 = Release|Any CPU
		{7D22278B-7FFC-403A-92D0-FD87C7609912}.ReleaseLinux|Any CPU.ActiveCfg = Release|Any CPU
		{7D22278B-7FFC-403A-92D0-FD87C7609912}.ReleaseLinux|x86.ActiveCfg = Release|Any CPU
		{0F166503-4847-4D53-AF38-35659FC0A39D}.Debug + Flatworld|Any CPU.ActiveCfg = Debug + Flatworld|Any CPU
		{0F166503-4847-4D53-AF38-35659FC0A39D}.Debug + Flatworld|Any CPU.Build.0 = Debug + Flatworld|Any CPU
		{0F166503-4847-4D53-AF38-35659FC0A39D}.Debug + Flatworld|x86.ActiveCfg = Debug + Flatworld|Any CPU
		{0F166503-4847-4D53-AF38-35659FC0A39D}.Debug + Flatworld|x86.Build.0 = Debug + Flatworld|Any CPU
		{0F166503-4847-4D53-AF38-35659FC0A39D}.Debug|Any CPU.ActiveCfg = Debug|Any CPU
		{0F166503-4847-4D53-AF38-35659FC0A39D}.Debug|Any CPU.Build.0 = Debug|Any CPU
		{0F166503-4847-4D53-AF38-35659FC0A39D}.Debug|x86.ActiveCfg = Debug|Any CPU
		{0F166503-4847-4D53-AF38-35659FC0A39D}.Debug|x86.Build.0 = Debug|Any CPU
		{0F166503-4847-4D53-AF38-35659FC0A39D}.FastBuild|Any CPU.ActiveCfg = Debug|Any CPU
		{0F166503-4847-4D53-AF38-35659FC0A39D}.FastBuild|Any CPU.Build.0 = Debug|Any CPU
		{0F166503-4847-4D53-AF38-35659FC0A39D}.FastBuild|x86.ActiveCfg = Debug|Any CPU
		{0F166503-4847-4D53-AF38-35659FC0A39D}.FastBuild|x86.Build.0 = Debug|Any CPU
		{0F166503-4847-4D53-AF38-35659FC0A39D}.PerfTest|Any CPU.ActiveCfg = PerfTest|Any CPU
		{0F166503-4847-4D53-AF38-35659FC0A39D}.PerfTest|Any CPU.Build.0 = PerfTest|Any CPU
		{0F166503-4847-4D53-AF38-35659FC0A39D}.PerfTest|x86.ActiveCfg = PerfTest|Any CPU
		{0F166503-4847-4D53-AF38-35659FC0A39D}.PerfTest|x86.Build.0 = PerfTest|Any CPU
		{0F166503-4847-4D53-AF38-35659FC0A39D}.Release x64|Any CPU.ActiveCfg = Release|Any CPU
		{0F166503-4847-4D53-AF38-35659FC0A39D}.Release x64|Any CPU.Build.0 = Release|Any CPU
		{0F166503-4847-4D53-AF38-35659FC0A39D}.Release x64|x86.ActiveCfg = Release|Any CPU
		{0F166503-4847-4D53-AF38-35659FC0A39D}.Release x64|x86.Build.0 = Release|Any CPU
		{0F166503-4847-4D53-AF38-35659FC0A39D}.Release|Any CPU.ActiveCfg = Release|Any CPU
		{0F166503-4847-4D53-AF38-35659FC0A39D}.Release|Any CPU.Build.0 = Release|Any CPU
		{0F166503-4847-4D53-AF38-35659FC0A39D}.Release|x86.ActiveCfg = Release|Any CPU
		{0F166503-4847-4D53-AF38-35659FC0A39D}.Release|x86.Build.0 = Release|Any CPU
		{0F166503-4847-4D53-AF38-35659FC0A39D}.Release+Docs|Any CPU.ActiveCfg = Release|Any CPU
		{0F166503-4847-4D53-AF38-35659FC0A39D}.Release+Docs|Any CPU.Build.0 = Release|Any CPU
		{0F166503-4847-4D53-AF38-35659FC0A39D}.Release+Docs|x86.ActiveCfg = Release|Any CPU
		{0F166503-4847-4D53-AF38-35659FC0A39D}.Release+Docs|x86.Build.0 = Release|Any CPU
		{0F166503-4847-4D53-AF38-35659FC0A39D}.ReleaseLinux|Any CPU.ActiveCfg = Release|Any CPU
		{0F166503-4847-4D53-AF38-35659FC0A39D}.ReleaseLinux|Any CPU.Build.0 = Release|Any CPU
		{0F166503-4847-4D53-AF38-35659FC0A39D}.ReleaseLinux|x86.ActiveCfg = Release|Any CPU
		{0F166503-4847-4D53-AF38-35659FC0A39D}.ReleaseLinux|x86.Build.0 = Release|Any CPU
		{4D01F2CF-04E8-4F3C-B637-0015F373F90E}.Debug + Flatworld|Any CPU.ActiveCfg = Debug + Flatworld|Any CPU
		{4D01F2CF-04E8-4F3C-B637-0015F373F90E}.Debug + Flatworld|Any CPU.Build.0 = Debug + Flatworld|Any CPU
		{4D01F2CF-04E8-4F3C-B637-0015F373F90E}.Debug + Flatworld|x86.ActiveCfg = Debug + Flatworld|Any CPU
		{4D01F2CF-04E8-4F3C-B637-0015F373F90E}.Debug + Flatworld|x86.Build.0 = Debug + Flatworld|Any CPU
		{4D01F2CF-04E8-4F3C-B637-0015F373F90E}.Debug|Any CPU.ActiveCfg = Debug|Any CPU
		{4D01F2CF-04E8-4F3C-B637-0015F373F90E}.Debug|Any CPU.Build.0 = Debug|Any CPU
		{4D01F2CF-04E8-4F3C-B637-0015F373F90E}.Debug|x86.ActiveCfg = Debug|Any CPU
		{4D01F2CF-04E8-4F3C-B637-0015F373F90E}.Debug|x86.Build.0 = Debug|Any CPU
		{4D01F2CF-04E8-4F3C-B637-0015F373F90E}.FastBuild|Any CPU.ActiveCfg = Release|Any CPU
		{4D01F2CF-04E8-4F3C-B637-0015F373F90E}.FastBuild|x86.ActiveCfg = Release|Any CPU
		{4D01F2CF-04E8-4F3C-B637-0015F373F90E}.PerfTest|Any CPU.ActiveCfg = PerfTest|Any CPU
		{4D01F2CF-04E8-4F3C-B637-0015F373F90E}.PerfTest|Any CPU.Build.0 = PerfTest|Any CPU
		{4D01F2CF-04E8-4F3C-B637-0015F373F90E}.PerfTest|x86.ActiveCfg = PerfTest|Any CPU
		{4D01F2CF-04E8-4F3C-B637-0015F373F90E}.PerfTest|x86.Build.0 = PerfTest|Any CPU
		{4D01F2CF-04E8-4F3C-B637-0015F373F90E}.Release x64|Any CPU.ActiveCfg = Release|Any CPU
		{4D01F2CF-04E8-4F3C-B637-0015F373F90E}.Release x64|x86.ActiveCfg = Release|Any CPU
		{4D01F2CF-04E8-4F3C-B637-0015F373F90E}.Release|Any CPU.ActiveCfg = Release|Any CPU
		{4D01F2CF-04E8-4F3C-B637-0015F373F90E}.Release|Any CPU.Build.0 = Release|Any CPU
		{4D01F2CF-04E8-4F3C-B637-0015F373F90E}.Release|x86.ActiveCfg = Release|Any CPU
		{4D01F2CF-04E8-4F3C-B637-0015F373F90E}.Release|x86.Build.0 = Release|Any CPU
		{4D01F2CF-04E8-4F3C-B637-0015F373F90E}.Release+Docs|Any CPU.ActiveCfg = Release|Any CPU
		{4D01F2CF-04E8-4F3C-B637-0015F373F90E}.Release+Docs|Any CPU.Build.0 = Release|Any CPU
		{4D01F2CF-04E8-4F3C-B637-0015F373F90E}.Release+Docs|x86.ActiveCfg = Release|Any CPU
		{4D01F2CF-04E8-4F3C-B637-0015F373F90E}.Release+Docs|x86.Build.0 = Release|Any CPU
		{4D01F2CF-04E8-4F3C-B637-0015F373F90E}.ReleaseLinux|Any CPU.ActiveCfg = Release|Any CPU
		{4D01F2CF-04E8-4F3C-B637-0015F373F90E}.ReleaseLinux|x86.ActiveCfg = Release|Any CPU
		{7764E69B-283F-481C-BFB2-7A51B43BA9E1}.Debug + Flatworld|Any CPU.ActiveCfg = Debug + Flatworld|Any CPU
		{7764E69B-283F-481C-BFB2-7A51B43BA9E1}.Debug + Flatworld|Any CPU.Build.0 = Debug + Flatworld|Any CPU
		{7764E69B-283F-481C-BFB2-7A51B43BA9E1}.Debug + Flatworld|x86.ActiveCfg = Debug + Flatworld|Any CPU
		{7764E69B-283F-481C-BFB2-7A51B43BA9E1}.Debug + Flatworld|x86.Build.0 = Debug + Flatworld|Any CPU
		{7764E69B-283F-481C-BFB2-7A51B43BA9E1}.Debug|Any CPU.ActiveCfg = Debug|Any CPU
		{7764E69B-283F-481C-BFB2-7A51B43BA9E1}.Debug|Any CPU.Build.0 = Debug|Any CPU
		{7764E69B-283F-481C-BFB2-7A51B43BA9E1}.Debug|x86.ActiveCfg = Debug|Any CPU
		{7764E69B-283F-481C-BFB2-7A51B43BA9E1}.Debug|x86.Build.0 = Debug|Any CPU
		{7764E69B-283F-481C-BFB2-7A51B43BA9E1}.FastBuild|Any CPU.ActiveCfg = Release|Any CPU
		{7764E69B-283F-481C-BFB2-7A51B43BA9E1}.FastBuild|x86.ActiveCfg = Release|Any CPU
		{7764E69B-283F-481C-BFB2-7A51B43BA9E1}.PerfTest|Any CPU.ActiveCfg = PerfTest|Any CPU
		{7764E69B-283F-481C-BFB2-7A51B43BA9E1}.PerfTest|Any CPU.Build.0 = PerfTest|Any CPU
		{7764E69B-283F-481C-BFB2-7A51B43BA9E1}.PerfTest|x86.ActiveCfg = PerfTest|Any CPU
		{7764E69B-283F-481C-BFB2-7A51B43BA9E1}.PerfTest|x86.Build.0 = PerfTest|Any CPU
		{7764E69B-283F-481C-BFB2-7A51B43BA9E1}.Release x64|Any CPU.ActiveCfg = Release|Any CPU
		{7764E69B-283F-481C-BFB2-7A51B43BA9E1}.Release x64|x86.ActiveCfg = Release|Any CPU
		{7764E69B-283F-481C-BFB2-7A51B43BA9E1}.Release|Any CPU.ActiveCfg = Release|Any CPU
		{7764E69B-283F-481C-BFB2-7A51B43BA9E1}.Release|Any CPU.Build.0 = Release|Any CPU
		{7764E69B-283F-481C-BFB2-7A51B43BA9E1}.Release|x86.ActiveCfg = Release|Any CPU
		{7764E69B-283F-481C-BFB2-7A51B43BA9E1}.Release|x86.Build.0 = Release|Any CPU
		{7764E69B-283F-481C-BFB2-7A51B43BA9E1}.Release+Docs|Any CPU.ActiveCfg = Release|Any CPU
		{7764E69B-283F-481C-BFB2-7A51B43BA9E1}.Release+Docs|Any CPU.Build.0 = Release|Any CPU
		{7764E69B-283F-481C-BFB2-7A51B43BA9E1}.Release+Docs|x86.ActiveCfg = Release|Any CPU
		{7764E69B-283F-481C-BFB2-7A51B43BA9E1}.Release+Docs|x86.Build.0 = Release|Any CPU
		{7764E69B-283F-481C-BFB2-7A51B43BA9E1}.ReleaseLinux|Any CPU.ActiveCfg = Release|Any CPU
		{7764E69B-283F-481C-BFB2-7A51B43BA9E1}.ReleaseLinux|x86.ActiveCfg = Release|Any CPU
		{3730FF53-02AB-4CCD-80AB-6199DF67383B}.Debug + Flatworld|Any CPU.ActiveCfg = Debug + Flatworld|Any CPU
		{3730FF53-02AB-4CCD-80AB-6199DF67383B}.Debug + Flatworld|Any CPU.Build.0 = Debug + Flatworld|Any CPU
		{3730FF53-02AB-4CCD-80AB-6199DF67383B}.Debug + Flatworld|x86.ActiveCfg = Debug + Flatworld|Any CPU
		{3730FF53-02AB-4CCD-80AB-6199DF67383B}.Debug + Flatworld|x86.Build.0 = Debug + Flatworld|Any CPU
		{3730FF53-02AB-4CCD-80AB-6199DF67383B}.Debug|Any CPU.ActiveCfg = Debug|Any CPU
		{3730FF53-02AB-4CCD-80AB-6199DF67383B}.Debug|Any CPU.Build.0 = Debug|Any CPU
		{3730FF53-02AB-4CCD-80AB-6199DF67383B}.Debug|x86.ActiveCfg = Debug|Any CPU
		{3730FF53-02AB-4CCD-80AB-6199DF67383B}.Debug|x86.Build.0 = Debug|Any CPU
		{3730FF53-02AB-4CCD-80AB-6199DF67383B}.FastBuild|Any CPU.ActiveCfg = Release|Any CPU
		{3730FF53-02AB-4CCD-80AB-6199DF67383B}.FastBuild|x86.ActiveCfg = Release|Any CPU
		{3730FF53-02AB-4CCD-80AB-6199DF67383B}.PerfTest|Any CPU.ActiveCfg = PerfTest|Any CPU
		{3730FF53-02AB-4CCD-80AB-6199DF67383B}.PerfTest|Any CPU.Build.0 = PerfTest|Any CPU
		{3730FF53-02AB-4CCD-80AB-6199DF67383B}.PerfTest|x86.ActiveCfg = PerfTest|Any CPU
		{3730FF53-02AB-4CCD-80AB-6199DF67383B}.PerfTest|x86.Build.0 = PerfTest|Any CPU
		{3730FF53-02AB-4CCD-80AB-6199DF67383B}.Release x64|Any CPU.ActiveCfg = Release|Any CPU
		{3730FF53-02AB-4CCD-80AB-6199DF67383B}.Release x64|x86.ActiveCfg = Release|Any CPU
		{3730FF53-02AB-4CCD-80AB-6199DF67383B}.Release|Any CPU.ActiveCfg = Release|Any CPU
		{3730FF53-02AB-4CCD-80AB-6199DF67383B}.Release|Any CPU.Build.0 = Release|Any CPU
		{3730FF53-02AB-4CCD-80AB-6199DF67383B}.Release|x86.ActiveCfg = Release|Any CPU
		{3730FF53-02AB-4CCD-80AB-6199DF67383B}.Release|x86.Build.0 = Release|Any CPU
		{3730FF53-02AB-4CCD-80AB-6199DF67383B}.Release+Docs|Any CPU.ActiveCfg = Release|Any CPU
		{3730FF53-02AB-4CCD-80AB-6199DF67383B}.Release+Docs|Any CPU.Build.0 = Release|Any CPU
		{3730FF53-02AB-4CCD-80AB-6199DF67383B}.Release+Docs|x86.ActiveCfg = Release|Any CPU
		{3730FF53-02AB-4CCD-80AB-6199DF67383B}.Release+Docs|x86.Build.0 = Release|Any CPU
		{3730FF53-02AB-4CCD-80AB-6199DF67383B}.ReleaseLinux|Any CPU.ActiveCfg = Release|Any CPU
		{3730FF53-02AB-4CCD-80AB-6199DF67383B}.ReleaseLinux|x86.ActiveCfg = Release|Any CPU
		{7F8A8D56-8133-407B-9D4A-6B2C92E0E95D}.Debug + Flatworld|Any CPU.ActiveCfg = Debug + Flatworld|Any CPU
		{7F8A8D56-8133-407B-9D4A-6B2C92E0E95D}.Debug + Flatworld|Any CPU.Build.0 = Debug + Flatworld|Any CPU
		{7F8A8D56-8133-407B-9D4A-6B2C92E0E95D}.Debug + Flatworld|x86.ActiveCfg = Debug + Flatworld|Any CPU
		{7F8A8D56-8133-407B-9D4A-6B2C92E0E95D}.Debug + Flatworld|x86.Build.0 = Debug + Flatworld|Any CPU
		{7F8A8D56-8133-407B-9D4A-6B2C92E0E95D}.Debug|Any CPU.ActiveCfg = Debug|Any CPU
		{7F8A8D56-8133-407B-9D4A-6B2C92E0E95D}.Debug|Any CPU.Build.0 = Debug|Any CPU
		{7F8A8D56-8133-407B-9D4A-6B2C92E0E95D}.Debug|x86.ActiveCfg = Debug|Any CPU
		{7F8A8D56-8133-407B-9D4A-6B2C92E0E95D}.Debug|x86.Build.0 = Debug|Any CPU
		{7F8A8D56-8133-407B-9D4A-6B2C92E0E95D}.FastBuild|Any CPU.ActiveCfg = Release|Any CPU
		{7F8A8D56-8133-407B-9D4A-6B2C92E0E95D}.FastBuild|x86.ActiveCfg = Release|Any CPU
		{7F8A8D56-8133-407B-9D4A-6B2C92E0E95D}.PerfTest|Any CPU.ActiveCfg = PerfTest|Any CPU
		{7F8A8D56-8133-407B-9D4A-6B2C92E0E95D}.PerfTest|Any CPU.Build.0 = PerfTest|Any CPU
		{7F8A8D56-8133-407B-9D4A-6B2C92E0E95D}.PerfTest|x86.ActiveCfg = PerfTest|Any CPU
		{7F8A8D56-8133-407B-9D4A-6B2C92E0E95D}.PerfTest|x86.Build.0 = PerfTest|Any CPU
		{7F8A8D56-8133-407B-9D4A-6B2C92E0E95D}.Release x64|Any CPU.ActiveCfg = Release|Any CPU
		{7F8A8D56-8133-407B-9D4A-6B2C92E0E95D}.Release x64|x86.ActiveCfg = Release|Any CPU
		{7F8A8D56-8133-407B-9D4A-6B2C92E0E95D}.Release|Any CPU.ActiveCfg = Release|Any CPU
		{7F8A8D56-8133-407B-9D4A-6B2C92E0E95D}.Release|Any CPU.Build.0 = Release|Any CPU
		{7F8A8D56-8133-407B-9D4A-6B2C92E0E95D}.Release|x86.ActiveCfg = Release|Any CPU
		{7F8A8D56-8133-407B-9D4A-6B2C92E0E95D}.Release|x86.Build.0 = Release|Any CPU
		{7F8A8D56-8133-407B-9D4A-6B2C92E0E95D}.Release+Docs|Any CPU.ActiveCfg = Release|Any CPU
		{7F8A8D56-8133-407B-9D4A-6B2C92E0E95D}.Release+Docs|Any CPU.Build.0 = Release|Any CPU
		{7F8A8D56-8133-407B-9D4A-6B2C92E0E95D}.Release+Docs|x86.ActiveCfg = Release|Any CPU
		{7F8A8D56-8133-407B-9D4A-6B2C92E0E95D}.Release+Docs|x86.Build.0 = Release|Any CPU
		{7F8A8D56-8133-407B-9D4A-6B2C92E0E95D}.ReleaseLinux|Any CPU.ActiveCfg = Release|Any CPU
		{7F8A8D56-8133-407B-9D4A-6B2C92E0E95D}.ReleaseLinux|x86.ActiveCfg = Release|Any CPU
		{62BCFF24-772E-4613-B277-2AAC67CDC7CD}.Debug + Flatworld|Any CPU.ActiveCfg = Debug|Any CPU
		{62BCFF24-772E-4613-B277-2AAC67CDC7CD}.Debug + Flatworld|Any CPU.Build.0 = Debug|Any CPU
		{62BCFF24-772E-4613-B277-2AAC67CDC7CD}.Debug + Flatworld|x86.ActiveCfg = Debug|Any CPU
		{62BCFF24-772E-4613-B277-2AAC67CDC7CD}.Debug + Flatworld|x86.Build.0 = Debug|Any CPU
		{62BCFF24-772E-4613-B277-2AAC67CDC7CD}.Debug|Any CPU.ActiveCfg = Debug|Any CPU
		{62BCFF24-772E-4613-B277-2AAC67CDC7CD}.Debug|Any CPU.Build.0 = Debug|Any CPU
		{62BCFF24-772E-4613-B277-2AAC67CDC7CD}.Debug|x86.ActiveCfg = Debug|Any CPU
		{62BCFF24-772E-4613-B277-2AAC67CDC7CD}.Debug|x86.Build.0 = Debug|Any CPU
		{62BCFF24-772E-4613-B277-2AAC67CDC7CD}.FastBuild|Any CPU.ActiveCfg = Release|Any CPU
		{62BCFF24-772E-4613-B277-2AAC67CDC7CD}.FastBuild|x86.ActiveCfg = Release|Any CPU
		{62BCFF24-772E-4613-B277-2AAC67CDC7CD}.PerfTest|Any CPU.ActiveCfg = PerfTest|Any CPU
		{62BCFF24-772E-4613-B277-2AAC67CDC7CD}.PerfTest|Any CPU.Build.0 = PerfTest|Any CPU
		{62BCFF24-772E-4613-B277-2AAC67CDC7CD}.PerfTest|x86.ActiveCfg = PerfTest|Any CPU
		{62BCFF24-772E-4613-B277-2AAC67CDC7CD}.PerfTest|x86.Build.0 = PerfTest|Any CPU
		{62BCFF24-772E-4613-B277-2AAC67CDC7CD}.Release x64|Any CPU.ActiveCfg = Release|Any CPU
		{62BCFF24-772E-4613-B277-2AAC67CDC7CD}.Release x64|x86.ActiveCfg = Release|Any CPU
		{62BCFF24-772E-4613-B277-2AAC67CDC7CD}.Release|Any CPU.ActiveCfg = Release|Any CPU
		{62BCFF24-772E-4613-B277-2AAC67CDC7CD}.Release|Any CPU.Build.0 = Release|Any CPU
		{62BCFF24-772E-4613-B277-2AAC67CDC7CD}.Release|x86.ActiveCfg = Release|Any CPU
		{62BCFF24-772E-4613-B277-2AAC67CDC7CD}.Release|x86.Build.0 = Release|Any CPU
		{62BCFF24-772E-4613-B277-2AAC67CDC7CD}.Release+Docs|Any CPU.ActiveCfg = Release|Any CPU
		{62BCFF24-772E-4613-B277-2AAC67CDC7CD}.Release+Docs|Any CPU.Build.0 = Release|Any CPU
		{62BCFF24-772E-4613-B277-2AAC67CDC7CD}.Release+Docs|x86.ActiveCfg = Release|Any CPU
		{62BCFF24-772E-4613-B277-2AAC67CDC7CD}.Release+Docs|x86.Build.0 = Release|Any CPU
		{62BCFF24-772E-4613-B277-2AAC67CDC7CD}.ReleaseLinux|Any CPU.ActiveCfg = Release|Any CPU
		{62BCFF24-772E-4613-B277-2AAC67CDC7CD}.ReleaseLinux|x86.ActiveCfg = Release|Any CPU
	EndGlobalSection
	GlobalSection(SolutionProperties) = preSolution
		HideSolutionNode = FALSE
	EndGlobalSection
	GlobalSection(ExtensibilityGlobals) = postSolution
		SolutionGuid = {609B67AF-D11E-46A7-8B77-1B2F919E7BEE}
	EndGlobalSection
	GlobalSection(Performance) = preSolution
		HasPerformanceSessions = true
	EndGlobalSection
	GlobalSection(Performance) = preSolution
		HasPerformanceSessions = true
	EndGlobalSection
	GlobalSection(Performance) = preSolution
		HasPerformanceSessions = true
	EndGlobalSection
	GlobalSection(Performance) = preSolution
		HasPerformanceSessions = true
	EndGlobalSection
	GlobalSection(Performance) = preSolution
		HasPerformanceSessions = true
	EndGlobalSection
	GlobalSection(Performance) = preSolution
		HasPerformanceSessions = true
	EndGlobalSection
	GlobalSection(Performance) = preSolution
		HasPerformanceSessions = true
	EndGlobalSection
	GlobalSection(Performance) = preSolution
		HasPerformanceSessions = true
	EndGlobalSection
	GlobalSection(Performance) = preSolution
		HasPerformanceSessions = true
	EndGlobalSection
EndGlobal
